// !$*UTF8*$!
{
	archiveVersion = 1;
	classes = {
	};
	objectVersion = 56;
	objects = {

/* Begin PBXBuildFile section */
		8B8078B5294106430005DB3B /* profile_swiftuiApp.swift in Sources */ = {isa = PBXBuildFile; fileRef = 8B8078B4294106430005DB3B /* profile_swiftuiApp.swift */; };
		8B8078B7294106430005DB3B /* ContentView.swift in Sources */ = {isa = PBXBuildFile; fileRef = 8B8078B6294106430005DB3B /* ContentView.swift */; };
		8B8078B9294106450005DB3B /* Assets.xcassets in Resources */ = {isa = PBXBuildFile; fileRef = 8B8078B8294106450005DB3B /* Assets.xcassets */; };
		8B8078BC294106450005DB3B /* Preview Assets.xcassets in Resources */ = {isa = PBXBuildFile; fileRef = 8B8078BB294106450005DB3B /* Preview Assets.xcassets */; };
		8B8078C6294106450005DB3B /* profile_swiftuiTests.swift in Sources */ = {isa = PBXBuildFile; fileRef = 8B8078C5294106450005DB3B /* profile_swiftuiTests.swift */; };
		8B8078D0294106450005DB3B /* profile_swiftuiUITests.swift in Sources */ = {isa = PBXBuildFile; fileRef = 8B8078CF294106450005DB3B /* profile_swiftuiUITests.swift */; };
		8B8078D2294106450005DB3B /* profile_swiftuiUITestsLaunchTests.swift in Sources */ = {isa = PBXBuildFile; fileRef = 8B8078D1294106450005DB3B /* profile_swiftuiUITestsLaunchTests.swift */; };
/* End PBXBuildFile section */

/* Begin PBXContainerItemProxy section */
		8B8078C2294106450005DB3B /* PBXContainerItemProxy */ = {
			isa = PBXContainerItemProxy;
			containerPortal = 8B8078A9294106430005DB3B /* Project object */;
			proxyType = 1;
			remoteGlobalIDString = 8B8078B0294106430005DB3B;
			remoteInfo = "profile-swiftui";
		};
		8B8078CC294106450005DB3B /* PBXContainerItemProxy */ = {
			isa = PBXContainerItemProxy;
			containerPortal = 8B8078A9294106430005DB3B /* Project object */;
			proxyType = 1;
			remoteGlobalIDString = 8B8078B0294106430005DB3B;
			remoteInfo = "profile-swiftui";
		};
/* End PBXContainerItemProxy section */

/* Begin PBXFileReference section */
		8B8078B1294106430005DB3B /* profile-swiftui.app */ = {isa = PBXFileReference; explicitFileType = wrapper.application; includeInIndex = 0; path = "profile-swiftui.app"; sourceTree = BUILT_PRODUCTS_DIR; };
		8B8078B4294106430005DB3B /* profile_swiftuiApp.swift */ = {isa = PBXFileReference; lastKnownFileType = sourcecode.swift; path = profile_swiftuiApp.swift; sourceTree = "<group>"; };
		8B8078B6294106430005DB3B /* ContentView.swift */ = {isa = PBXFileReference; lastKnownFileType = sourcecode.swift; path = ContentView.swift; sourceTree = "<group>"; };
		8B8078B8294106450005DB3B /* Assets.xcassets */ = {isa = PBXFileReference; lastKnownFileType = folder.assetcatalog; path = Assets.xcassets; sourceTree = "<group>"; };
		8B8078BB294106450005DB3B /* Preview Assets.xcassets */ = {isa = PBXFileReference; lastKnownFileType = folder.assetcatalog; path = "Preview Assets.xcassets"; sourceTree = "<group>"; };
		8B8078C1294106450005DB3B /* profile-swiftuiTests.xctest */ = {isa = PBXFileReference; explicitFileType = wrapper.cfbundle; includeInIndex = 0; path = "profile-swiftuiTests.xctest"; sourceTree = BUILT_PRODUCTS_DIR; };
		8B8078C5294106450005DB3B /* profile_swiftuiTests.swift */ = {isa = PBXFileReference; lastKnownFileType = sourcecode.swift; path = profile_swiftuiTests.swift; sourceTree = "<group>"; };
		8B8078CB294106450005DB3B /* profile-swiftuiUITests.xctest */ = {isa = PBXFileReference; explicitFileType = wrapper.cfbundle; includeInIndex = 0; path = "profile-swiftuiUITests.xctest"; sourceTree = BUILT_PRODUCTS_DIR; };
		8B8078CF294106450005DB3B /* profile_swiftuiUITests.swift */ = {isa = PBXFileReference; lastKnownFileType = sourcecode.swift; path = profile_swiftuiUITests.swift; sourceTree = "<group>"; };
		8B8078D1294106450005DB3B /* profile_swiftuiUITestsLaunchTests.swift */ = {isa = PBXFileReference; lastKnownFileType = sourcecode.swift; path = profile_swiftuiUITestsLaunchTests.swift; sourceTree = "<group>"; };
/* End PBXFileReference section */

/* Begin PBXFrameworksBuildPhase section */
		8B8078AE294106430005DB3B /* Frameworks */ = {
			isa = PBXFrameworksBuildPhase;
			buildActionMask = 2147483647;
			files = (
			);
			runOnlyForDeploymentPostprocessing = 0;
		};
		8B8078BE294106450005DB3B /* Frameworks */ = {
			isa = PBXFrameworksBuildPhase;
			buildActionMask = 2147483647;
			files = (
			);
			runOnlyForDeploymentPostprocessing = 0;
		};
		8B8078C8294106450005DB3B /* Frameworks */ = {
			isa = PBXFrameworksBuildPhase;
			buildActionMask = 2147483647;
			files = (
			);
			runOnlyForDeploymentPostprocessing = 0;
		};
/* End PBXFrameworksBuildPhase section */

/* Begin PBXGroup section */
		8B8078A8294106430005DB3B = {
			isa = PBXGroup;
			children = (
				8B8078B3294106430005DB3B /* profile-swiftui */,
				8B8078C4294106450005DB3B /* profile-swiftuiTests */,
				8B8078CE294106450005DB3B /* profile-swiftuiUITests */,
				8B8078B2294106430005DB3B /* Products */,
			);
			sourceTree = "<group>";
		};
		8B8078B2294106430005DB3B /* Products */ = {
			isa = PBXGroup;
			children = (
				8B8078B1294106430005DB3B /* profile-swiftui.app */,
				8B8078C1294106450005DB3B /* profile-swiftuiTests.xctest */,
				8B8078CB294106450005DB3B /* profile-swiftuiUITests.xctest */,
			);
			name = Products;
			sourceTree = "<group>";
		};
		8B8078B3294106430005DB3B /* profile-swiftui */ = {
			isa = PBXGroup;
			children = (
				8B8078B4294106430005DB3B /* profile_swiftuiApp.swift */,
				8B8078B6294106430005DB3B /* ContentView.swift */,
				8B8078B8294106450005DB3B /* Assets.xcassets */,
				8B8078BA294106450005DB3B /* Preview Content */,
			);
			path = "profile-swiftui";
			sourceTree = "<group>";
		};
		8B8078BA294106450005DB3B /* Preview Content */ = {
			isa = PBXGroup;
			children = (
				8B8078BB294106450005DB3B /* Preview Assets.xcassets */,
			);
			path = "Preview Content";
			sourceTree = "<group>";
		};
		8B8078C4294106450005DB3B /* profile-swiftuiTests */ = {
			isa = PBXGroup;
			children = (
				8B8078C5294106450005DB3B /* profile_swiftuiTests.swift */,
			);
			path = "profile-swiftuiTests";
			sourceTree = "<group>";
		};
		8B8078CE294106450005DB3B /* profile-swiftuiUITests */ = {
			isa = PBXGroup;
			children = (
				8B8078CF294106450005DB3B /* profile_swiftuiUITests.swift */,
				8B8078D1294106450005DB3B /* profile_swiftuiUITestsLaunchTests.swift */,
			);
			path = "profile-swiftuiUITests";
			sourceTree = "<group>";
		};
/* End PBXGroup section */

/* Begin PBXNativeTarget section */
		8B8078B0294106430005DB3B /* profile-swiftui */ = {
			isa = PBXNativeTarget;
			buildConfigurationList = 8B8078D5294106450005DB3B /* Build configuration list for PBXNativeTarget "profile-swiftui" */;
			buildPhases = (
				8B8078AD294106430005DB3B /* Sources */,
				8B8078AE294106430005DB3B /* Frameworks */,
				8B8078AF294106430005DB3B /* Resources */,
			);
			buildRules = (
			);
			dependencies = (
			);
			name = "profile-swiftui";
			productName = "profile-swiftui";
			productReference = 8B8078B1294106430005DB3B /* profile-swiftui.app */;
			productType = "com.apple.product-type.application";
		};
		8B8078C0294106450005DB3B /* profile-swiftuiTests */ = {
			isa = PBXNativeTarget;
			buildConfigurationList = 8B8078D8294106450005DB3B /* Build configuration list for PBXNativeTarget "profile-swiftuiTests" */;
			buildPhases = (
				8B8078BD294106450005DB3B /* Sources */,
				8B8078BE294106450005DB3B /* Frameworks */,
				8B8078BF294106450005DB3B /* Resources */,
			);
			buildRules = (
			);
			dependencies = (
				8B8078C3294106450005DB3B /* PBXTargetDependency */,
			);
			name = "profile-swiftuiTests";
			productName = "profile-swiftuiTests";
			productReference = 8B8078C1294106450005DB3B /* profile-swiftuiTests.xctest */;
			productType = "com.apple.product-type.bundle.unit-test";
		};
		8B8078CA294106450005DB3B /* profile-swiftuiUITests */ = {
			isa = PBXNativeTarget;
			buildConfigurationList = 8B8078DB294106450005DB3B /* Build configuration list for PBXNativeTarget "profile-swiftuiUITests" */;
			buildPhases = (
				8B8078C7294106450005DB3B /* Sources */,
				8B8078C8294106450005DB3B /* Frameworks */,
				8B8078C9294106450005DB3B /* Resources */,
			);
			buildRules = (
			);
			dependencies = (
				8B8078CD294106450005DB3B /* PBXTargetDependency */,
			);
			name = "profile-swiftuiUITests";
			productName = "profile-swiftuiUITests";
			productReference = 8B8078CB294106450005DB3B /* profile-swiftuiUITests.xctest */;
			productType = "com.apple.product-type.bundle.ui-testing";
		};
/* End PBXNativeTarget section */

/* Begin PBXProject section */
		8B8078A9294106430005DB3B /* Project object */ = {
			isa = PBXProject;
			attributes = {
				BuildIndependentTargetsInParallel = 1;
				LastSwiftUpdateCheck = 1400;
				LastUpgradeCheck = 1400;
				TargetAttributes = {
					8B8078B0294106430005DB3B = {
						CreatedOnToolsVersion = 14.0.1;
					};
					8B8078C0294106450005DB3B = {
						CreatedOnToolsVersion = 14.0.1;
						TestTargetID = 8B8078B0294106430005DB3B;
					};
					8B8078CA294106450005DB3B = {
						CreatedOnToolsVersion = 14.0.1;
						TestTargetID = 8B8078B0294106430005DB3B;
					};
				};
			};
			buildConfigurationList = 8B8078AC294106430005DB3B /* Build configuration list for PBXProject "profile-swiftui" */;
			compatibilityVersion = "Xcode 14.0";
			developmentRegion = en;
			hasScannedForEncodings = 0;
			knownRegions = (
				en,
				Base,
			);
			mainGroup = 8B8078A8294106430005DB3B;
			productRefGroup = 8B8078B2294106430005DB3B /* Products */;
			projectDirPath = "";
			projectRoot = "";
			targets = (
				8B8078B0294106430005DB3B /* profile-swiftui */,
				8B8078C0294106450005DB3B /* profile-swiftuiTests */,
				8B8078CA294106450005DB3B /* profile-swiftuiUITests */,
			);
		};
/* End PBXProject section */

/* Begin PBXResourcesBuildPhase section */
		8B8078AF294106430005DB3B /* Resources */ = {
			isa = PBXResourcesBuildPhase;
			buildActionMask = 2147483647;
			files = (
				8B8078BC294106450005DB3B /* Preview Assets.xcassets in Resources */,
				8B8078B9294106450005DB3B /* Assets.xcassets in Resources */,
			);
			runOnlyForDeploymentPostprocessing = 0;
		};
		8B8078BF294106450005DB3B /* Resources */ = {
			isa = PBXResourcesBuildPhase;
			buildActionMask = 2147483647;
			files = (
			);
			runOnlyForDeploymentPostprocessing = 0;
		};
		8B8078C9294106450005DB3B /* Resources */ = {
			isa = PBXResourcesBuildPhase;
			buildActionMask = 2147483647;
			files = (
			);
			runOnlyForDeploymentPostprocessing = 0;
		};
/* End PBXResourcesBuildPhase section */

/* Begin PBXSourcesBuildPhase section */
		8B8078AD294106430005DB3B /* Sources */ = {
			isa = PBXSourcesBuildPhase;
			buildActionMask = 2147483647;
			files = (
				8B8078B7294106430005DB3B /* ContentView.swift in Sources */,
				8B8078B5294106430005DB3B /* profile_swiftuiApp.swift in Sources */,
			);
			runOnlyForDeploymentPostprocessing = 0;
		};
		8B8078BD294106450005DB3B /* Sources */ = {
			isa = PBXSourcesBuildPhase;
			buildActionMask = 2147483647;
			files = (
				8B8078C6294106450005DB3B /* profile_swiftuiTests.swift in Sources */,
			);
			runOnlyForDeploymentPostprocessing = 0;
		};
		8B8078C7294106450005DB3B /* Sources */ = {
			isa = PBXSourcesBuildPhase;
			buildActionMask = 2147483647;
			files = (
				8B8078D2294106450005DB3B /* profile_swiftuiUITestsLaunchTests.swift in Sources */,
				8B8078D0294106450005DB3B /* profile_swiftuiUITests.swift in Sources */,
			);
			runOnlyForDeploymentPostprocessing = 0;
		};
/* End PBXSourcesBuildPhase section */

/* Begin PBXTargetDependency section */
		8B8078C3294106450005DB3B /* PBXTargetDependency */ = {
			isa = PBXTargetDependency;
			target = 8B8078B0294106430005DB3B /* profile-swiftui */;
			targetProxy = 8B8078C2294106450005DB3B /* PBXContainerItemProxy */;
		};
		8B8078CD294106450005DB3B /* PBXTargetDependency */ = {
			isa = PBXTargetDependency;
			target = 8B8078B0294106430005DB3B /* profile-swiftui */;
			targetProxy = 8B8078CC294106450005DB3B /* PBXContainerItemProxy */;
		};
/* End PBXTargetDependency section */

/* Begin XCBuildConfiguration section */
		8B8078D3294106450005DB3B /* Debug */ = {
			isa = XCBuildConfiguration;
			buildSettings = {
				ALWAYS_SEARCH_USER_PATHS = NO;
				CLANG_ANALYZER_NONNULL = YES;
				CLANG_ANALYZER_NUMBER_OBJECT_CONVERSION = YES_AGGRESSIVE;
				CLANG_CXX_LANGUAGE_STANDARD = "gnu++20";
				CLANG_ENABLE_MODULES = YES;
				CLANG_ENABLE_OBJC_ARC = YES;
				CLANG_ENABLE_OBJC_WEAK = YES;
				CLANG_WARN_BLOCK_CAPTURE_AUTORELEASING = YES;
				CLANG_WARN_BOOL_CONVERSION = YES;
				CLANG_WARN_COMMA = YES;
				CLANG_WARN_CONSTANT_CONVERSION = YES;
				CLANG_WARN_DEPRECATED_OBJC_IMPLEMENTATIONS = YES;
				CLANG_WARN_DIRECT_OBJC_ISA_USAGE = YES_ERROR;
				CLANG_WARN_DOCUMENTATION_COMMENTS = YES;
				CLANG_WARN_EMPTY_BODY = YES;
				CLANG_WARN_ENUM_CONVERSION = YES;
				CLANG_WARN_INFINITE_RECURSION = YES;
				CLANG_WARN_INT_CONVERSION = YES;
				CLANG_WARN_NON_LITERAL_NULL_CONVERSION = YES;
				CLANG_WARN_OBJC_IMPLICIT_RETAIN_SELF = YES;
				CLANG_WARN_OBJC_LITERAL_CONVERSION = YES;
				CLANG_WARN_OBJC_ROOT_CLASS = YES_ERROR;
				CLANG_WARN_QUOTED_INCLUDE_IN_FRAMEWORK_HEADER = YES;
				CLANG_WARN_RANGE_LOOP_ANALYSIS = YES;
				CLANG_WARN_STRICT_PROTOTYPES = YES;
				CLANG_WARN_SUSPICIOUS_MOVE = YES;
				CLANG_WARN_UNGUARDED_AVAILABILITY = YES_AGGRESSIVE;
				CLANG_WARN_UNREACHABLE_CODE = YES;
				CLANG_WARN__DUPLICATE_METHOD_MATCH = YES;
				COPY_PHASE_STRIP = NO;
				DEBUG_INFORMATION_FORMAT = dwarf;
				ENABLE_STRICT_OBJC_MSGSEND = YES;
				ENABLE_TESTABILITY = YES;
				GCC_C_LANGUAGE_STANDARD = gnu11;
				GCC_DYNAMIC_NO_PIC = NO;
				GCC_NO_COMMON_BLOCKS = YES;
				GCC_OPTIMIZATION_LEVEL = 0;
				GCC_PREPROCESSOR_DEFINITIONS = (
					"DEBUG=1",
					"$(inherited)",
				);
				GCC_WARN_64_TO_32_BIT_CONVERSION = YES;
				GCC_WARN_ABOUT_RETURN_TYPE = YES_ERROR;
				GCC_WARN_UNDECLARED_SELECTOR = YES;
				GCC_WARN_UNINITIALIZED_AUTOS = YES_AGGRESSIVE;
				GCC_WARN_UNUSED_FUNCTION = YES;
				GCC_WARN_UNUSED_VARIABLE = YES;
				IPHONEOS_DEPLOYMENT_TARGET = 16.0;
				MTL_ENABLE_DEBUG_INFO = INCLUDE_SOURCE;
				MTL_FAST_MATH = YES;
				ONLY_ACTIVE_ARCH = YES;
				SDKROOT = iphoneos;
				SWIFT_ACTIVE_COMPILATION_CONDITIONS = DEBUG;
				SWIFT_OPTIMIZATION_LEVEL = "-Onone";
			};
			name = Debug;
		};
		8B8078D4294106450005DB3B /* Release */ = {
			isa = XCBuildConfiguration;
			buildSettings = {
				ALWAYS_SEARCH_USER_PATHS = NO;
				CLANG_ANALYZER_NONNULL = YES;
				CLANG_ANALYZER_NUMBER_OBJECT_CONVERSION = YES_AGGRESSIVE;
				CLANG_CXX_LANGUAGE_STANDARD = "gnu++20";
				CLANG_ENABLE_MODULES = YES;
				CLANG_ENABLE_OBJC_ARC = YES;
				CLANG_ENABLE_OBJC_WEAK = YES;
				CLANG_WARN_BLOCK_CAPTURE_AUTORELEASING = YES;
				CLANG_WARN_BOOL_CONVERSION = YES;
				CLANG_WARN_COMMA = YES;
				CLANG_WARN_CONSTANT_CONVERSION = YES;
				CLANG_WARN_DEPRECATED_OBJC_IMPLEMENTATIONS = YES;
				CLANG_WARN_DIRECT_OBJC_ISA_USAGE = YES_ERROR;
				CLANG_WARN_DOCUMENTATION_COMMENTS = YES;
				CLANG_WARN_EMPTY_BODY = YES;
				CLANG_WARN_ENUM_CONVERSION = YES;
				CLANG_WARN_INFINITE_RECURSION = YES;
				CLANG_WARN_INT_CONVERSION = YES;
				CLANG_WARN_NON_LITERAL_NULL_CONVERSION = YES;
				CLANG_WARN_OBJC_IMPLICIT_RETAIN_SELF = YES;
				CLANG_WARN_OBJC_LITERAL_CONVERSION = YES;
				CLANG_WARN_OBJC_ROOT_CLASS = YES_ERROR;
				CLANG_WARN_QUOTED_INCLUDE_IN_FRAMEWORK_HEADER = YES;
				CLANG_WARN_RANGE_LOOP_ANALYSIS = YES;
				CLANG_WARN_STRICT_PROTOTYPES = YES;
				CLANG_WARN_SUSPICIOUS_MOVE = YES;
				CLANG_WARN_UNGUARDED_AVAILABILITY = YES_AGGRESSIVE;
				CLANG_WARN_UNREACHABLE_CODE = YES;
				CLANG_WARN__DUPLICATE_METHOD_MATCH = YES;
				COPY_PHASE_STRIP = NO;
				DEBUG_INFORMATION_FORMAT = "dwarf-with-dsym";
				ENABLE_NS_ASSERTIONS = NO;
				ENABLE_STRICT_OBJC_MSGSEND = YES;
				GCC_C_LANGUAGE_STANDARD = gnu11;
				GCC_NO_COMMON_BLOCKS = YES;
				GCC_WARN_64_TO_32_BIT_CONVERSION = YES;
				GCC_WARN_ABOUT_RETURN_TYPE = YES_ERROR;
				GCC_WARN_UNDECLARED_SELECTOR = YES;
				GCC_WARN_UNINITIALIZED_AUTOS = YES_AGGRESSIVE;
				GCC_WARN_UNUSED_FUNCTION = YES;
				GCC_WARN_UNUSED_VARIABLE = YES;
				IPHONEOS_DEPLOYMENT_TARGET = 16.0;
				MTL_ENABLE_DEBUG_INFO = NO;
				MTL_FAST_MATH = YES;
				SDKROOT = iphoneos;
				SWIFT_COMPILATION_MODE = wholemodule;
				SWIFT_OPTIMIZATION_LEVEL = "-O";
				VALIDATE_PRODUCT = YES;
			};
			name = Release;
		};
		8B8078D6294106450005DB3B /* Debug */ = {
			isa = XCBuildConfiguration;
			buildSettings = {
				ASSETCATALOG_COMPILER_APPICON_NAME = AppIcon;
				ASSETCATALOG_COMPILER_GLOBAL_ACCENT_COLOR_NAME = AccentColor;
				CODE_SIGN_STYLE = Automatic;
				CURRENT_PROJECT_VERSION = 1;
				DEVELOPMENT_ASSET_PATHS = "\"profile-swiftui/Preview Content\"";
				ENABLE_PREVIEWS = YES;
				GENERATE_INFOPLIST_FILE = YES;
				INFOPLIST_KEY_UIApplicationSceneManifest_Generation = YES;
				INFOPLIST_KEY_UIApplicationSupportsIndirectInputEvents = YES;
				INFOPLIST_KEY_UILaunchScreen_Generation = YES;
				INFOPLIST_KEY_UISupportedInterfaceOrientations_iPad = "UIInterfaceOrientationPortrait UIInterfaceOrientationPortraitUpsideDown UIInterfaceOrientationLandscapeLeft UIInterfaceOrientationLandscapeRight";
				INFOPLIST_KEY_UISupportedInterfaceOrientations_iPhone = "UIInterfaceOrientationPortrait UIInterfaceOrientationLandscapeLeft UIInterfaceOrientationLandscapeRight";
				LD_RUNPATH_SEARCH_PATHS = (
					"$(inherited)",
					"@executable_path/Frameworks",
				);
				MARKETING_VERSION = 1.0;
				PRODUCT_BUNDLE_IDENTIFIER = "italo.profile-swiftui";
				PRODUCT_NAME = "$(TARGET_NAME)";
				SWIFT_EMIT_LOC_STRINGS = YES;
				SWIFT_VERSION = 5.0;
				TARGETED_DEVICE_FAMILY = "1,2";
			};
			name = Debug;
		};
		8B8078D7294106450005DB3B /* Release */ = {
			isa = XCBuildConfiguration;
			buildSettings = {
				ASSETCATALOG_COMPILER_APPICON_NAME = AppIcon;
				ASSETCATALOG_COMPILER_GLOBAL_ACCENT_COLOR_NAME = AccentColor;
				CODE_SIGN_STYLE = Automatic;
				CURRENT_PROJECT_VERSION = 1;
				DEVELOPMENT_ASSET_PATHS = "\"profile-swiftui/Preview Content\"";
				ENABLE_PREVIEWS = YES;
				GENERATE_INFOPLIST_FILE = YES;
				INFOPLIST_KEY_UIApplicationSceneManifest_Generation = YES;
				INFOPLIST_KEY_UIApplicationSupportsIndirectInputEvents = YES;
				INFOPLIST_KEY_UILaunchScreen_Generation = YES;
				INFOPLIST_KEY_UISupportedInterfaceOrientations_iPad = "UIInterfaceOrientationPortrait UIInterfaceOrientationPortraitUpsideDown UIInterfaceOrientationLandscapeLeft UIInterfaceOrientationLandscapeRight";
				INFOPLIST_KEY_UISupportedInterfaceOrientations_iPhone = "UIInterfaceOrientationPortrait UIInterfaceOrientationLandscapeLeft UIInterfaceOrientationLandscapeRight";
				LD_RUNPATH_SEARCH_PATHS = (
					"$(inherited)",
					"@executable_path/Frameworks",
				);
				MARKETING_VERSION = 1.0;
				PRODUCT_BUNDLE_IDENTIFIER = "italo.profile-swiftui";
				PRODUCT_NAME = "$(TARGET_NAME)";
				SWIFT_EMIT_LOC_STRINGS = YES;
				SWIFT_VERSION = 5.0;
				TARGETED_DEVICE_FAMILY = "1,2";
			};
			name = Release;
		};
		8B8078D9294106450005DB3B /* Debug */ = {
			isa = XCBuildConfiguration;
			buildSettings = {
				ALWAYS_EMBED_SWIFT_STANDARD_LIBRARIES = YES;
				BUNDLE_LOADER = "$(TEST_HOST)";
				CODE_SIGN_STYLE = Automatic;
				CURRENT_PROJECT_VERSION = 1;
				GENERATE_INFOPLIST_FILE = YES;
				IPHONEOS_DEPLOYMENT_TARGET = 16.0;
				MARKETING_VERSION = 1.0;
				PRODUCT_BUNDLE_IDENTIFIER = "italo.profile-swiftuiTests";
				PRODUCT_NAME = "$(TARGET_NAME)";
				SWIFT_EMIT_LOC_STRINGS = NO;
				SWIFT_VERSION = 5.0;
				TARGETED_DEVICE_FAMILY = "1,2";
				TEST_HOST = "$(BUILT_PRODUCTS_DIR)/profile-swiftui.app/$(BUNDLE_EXECUTABLE_FOLDER_PATH)/profile-swiftui";
			};
			name = Debug;
		};
		8B8078DA294106450005DB3B /* Release */ = {
			isa = XCBuildConfiguration;
			buildSettings = {
				ALWAYS_EMBED_SWIFT_STANDARD_LIBRARIES = YES;
				BUNDLE_LOADER = "$(TEST_HOST)";
				CODE_SIGN_STYLE = Automatic;
				CURRENT_PROJECT_VERSION = 1;
				GENERATE_INFOPLIST_FILE = YES;
				IPHONEOS_DEPLOYMENT_TARGET = 16.0;
				MARKETING_VERSION = 1.0;
				PRODUCT_BUNDLE_IDENTIFIER = "italo.profile-swiftuiTests";
				PRODUCT_NAME = "$(TARGET_NAME)";
				SWIFT_EMIT_LOC_STRINGS = NO;
				SWIFT_VERSION = 5.0;
				TARGETED_DEVICE_FAMILY = "1,2";
				TEST_HOST = "$(BUILT_PRODUCTS_DIR)/profile-swiftui.app/$(BUNDLE_EXECUTABLE_FOLDER_PATH)/profile-swiftui";
			};
			name = Release;
		};
		8B8078DC294106450005DB3B /* Debug */ = {
			isa = XCBuildConfiguration;
			buildSettings = {
				ALWAYS_EMBED_SWIFT_STANDARD_LIBRARIES = YES;
				CODE_SIGN_STYLE = Automatic;
				CURRENT_PROJECT_VERSION = 1;
				GENERATE_INFOPLIST_FILE = YES;
				MARKETING_VERSION = 1.0;
				PRODUCT_BUNDLE_IDENTIFIER = "italo.profile-swiftuiUITests";
				PRODUCT_NAME = "$(TARGET_NAME)";
				SWIFT_EMIT_LOC_STRINGS = NO;
				SWIFT_VERSION = 5.0;
				TARGETED_DEVICE_FAMILY = "1,2";
				TEST_TARGET_NAME = "profile-swiftui";
			};
			name = Debug;
		};
		8B8078DD294106450005DB3B /* Release */ = {
			isa = XCBuildConfiguration;
			buildSettings = {
				ALWAYS_EMBED_SWIFT_STANDARD_LIBRARIES = YES;
				CODE_SIGN_STYLE = Automatic;
				CURRENT_PROJECT_VERSION = 1;
				GENERATE_INFOPLIST_FILE = YES;
				MARKETING_VERSION = 1.0;
				PRODUCT_BUNDLE_IDENTIFIER = "italo.profile-swiftuiUITests";
				PRODUCT_NAME = "$(TARGET_NAME)";
				SWIFT_EMIT_LOC_STRINGS = NO;
				SWIFT_VERSION = 5.0;
				TARGETED_DEVICE_FAMILY = "1,2";
				TEST_TARGET_NAME = "profile-swiftui";
			};
			name = Release;
		};
/* End XCBuildConfiguration section */

/* Begin XCConfigurationList section */
		8B8078AC294106430005DB3B /* Build configuration list for PBXProject "profile-swiftui" */ = {
			isa = XCConfigurationList;
			buildConfigurations = (
				8B8078D3294106450005DB3B /* Debug */,
				8B8078D4294106450005DB3B /* Release */,
			);
			defaultConfigurationIsVisible = 0;
			defaultConfigurationName = Release;
		};
		8B8078D5294106450005DB3B /* Build configuration list for PBXNativeTarget "profile-swiftui" */ = {
			isa = XCConfigurationList;
			buildConfigurations = (
				8B8078D6294106450005DB3B /* Debug */,
				8B8078D7294106450005DB3B /* Release */,
			);
			defaultConfigurationIsVisible = 0;
			defaultConfigurationName = Release;
		};
		8B8078D8294106450005DB3B /* Build configuration list for PBXNativeTarget "profile-swiftuiTests" */ = {
			isa = XCConfigurationList;
			buildConfigurations = (
				8B8078D9294106450005DB3B /* Debug */,
				8B8078DA294106450005DB3B /* Release */,
			);
			defaultConfigurationIsVisible = 0;
			defaultConfigurationName = Release;
		};
		8B8078DB294106450005DB3B /* Build configuration list for PBXNativeTarget "profile-swiftuiUITests" */ = {
			isa = XCConfigurationList;
			buildConfigurations = (
				8B8078DC294106450005DB3B /* Debug */,
				8B8078DD294106450005DB3B /* Release */,
			);
			defaultConfigurationIsVisible = 0;
			defaultConfigurationName = Release;
		};
/* End XCConfigurationList section */
	};
	rootObject = 8B8078A9294106430005DB3B /* Project object */;
}
